// !$*UTF8*$!
{
	archiveVersion = 1;
	classes = {
	};
	objectVersion = 56;
	objects = {

/* Begin PBXBuildFile section */
		8746C7D52B6465F600E70392 /* HogwartsAppApp.swift in Sources */ = {isa = PBXBuildFile; fileRef = 8746C7D42B6465F600E70392 /* HogwartsAppApp.swift */; };
		8746C7D72B6465F600E70392 /* ContentView.swift in Sources */ = {isa = PBXBuildFile; fileRef = 8746C7D62B6465F600E70392 /* ContentView.swift */; };
		8746C7D92B6465F800E70392 /* Assets.xcassets in Resources */ = {isa = PBXBuildFile; fileRef = 8746C7D82B6465F800E70392 /* Assets.xcassets */; };
		8746C7DC2B6465F800E70392 /* Preview Assets.xcassets in Resources */ = {isa = PBXBuildFile; fileRef = 8746C7DB2B6465F800E70392 /* Preview Assets.xcassets */; };
		8746C7E32B64663000E70392 /* ModelsUser.swift in Sources */ = {isa = PBXBuildFile; fileRef = 8746C7E22B64663000E70392 /* ModelsUser.swift */; };
		8746C7E52B64663B00E70392 /* DataBaseUser.swift in Sources */ = {isa = PBXBuildFile; fileRef = 8746C7E42B64663B00E70392 /* DataBaseUser.swift */; };
		8746C7E72B65177F00E70392 /* HomePage.swift in Sources */ = {isa = PBXBuildFile; fileRef = 8746C7E62B65177F00E70392 /* HomePage.swift */; };
		8746C7EB2B65198300E70392 /* ProfessorsList.swift in Sources */ = {isa = PBXBuildFile; fileRef = 8746C7EA2B65198300E70392 /* ProfessorsList.swift */; };
		8746C7EF2B6519A200E70392 /* ProfileView.swift in Sources */ = {isa = PBXBuildFile; fileRef = 8746C7EE2B6519A200E70392 /* ProfileView.swift */; };
		8752EC222B7A559B001E8639 /* ModelsQuiz.swift in Sources */ = {isa = PBXBuildFile; fileRef = 8752EC212B7A559B001E8639 /* ModelsQuiz.swift */; };
		8752EC242B7A55A6001E8639 /* DataBaseQuiz.swift in Sources */ = {isa = PBXBuildFile; fileRef = 8752EC232B7A55A6001E8639 /* DataBaseQuiz.swift */; };
		8752EC262B7A64F2001E8639 /* QuestionView.swift in Sources */ = {isa = PBXBuildFile; fileRef = 8752EC252B7A64F2001E8639 /* QuestionView.swift */; };
		8752EC282B7A652F001E8639 /* ButtonAnswerQuiz.swift in Sources */ = {isa = PBXBuildFile; fileRef = 8752EC272B7A652F001E8639 /* ButtonAnswerQuiz.swift */; };
		8752EC2A2B7AB4FB001E8639 /* QuestionsModeDegueu.swift in Sources */ = {isa = PBXBuildFile; fileRef = 8752EC292B7AB4FB001E8639 /* QuestionsModeDegueu.swift */; };
		87EDA99C2B692579001FC1F9 /* ProfilePicture.swift in Sources */ = {isa = PBXBuildFile; fileRef = 87EDA99B2B692579001FC1F9 /* ProfilePicture.swift */; };
		87EDA9A12B692F18001FC1F9 /* CoverPictureUser.swift in Sources */ = {isa = PBXBuildFile; fileRef = 87EDA9A02B692F18001FC1F9 /* CoverPictureUser.swift */; };
		87EDA9AA2B6C20E8001FC1F9 /* SearchBarView.swift in Sources */ = {isa = PBXBuildFile; fileRef = 87EDA9A92B6C20E8001FC1F9 /* SearchBarView.swift */; };
/* End PBXBuildFile section */

/* Begin PBXFileReference section */
		8746C7D12B6465F600E70392 /* HogwartsApp.app */ = {isa = PBXFileReference; explicitFileType = wrapper.application; includeInIndex = 0; path = HogwartsApp.app; sourceTree = BUILT_PRODUCTS_DIR; };
		8746C7D42B6465F600E70392 /* HogwartsAppApp.swift */ = {isa = PBXFileReference; lastKnownFileType = sourcecode.swift; path = HogwartsAppApp.swift; sourceTree = "<group>"; };
		8746C7D62B6465F600E70392 /* ContentView.swift */ = {isa = PBXFileReference; lastKnownFileType = sourcecode.swift; path = ContentView.swift; sourceTree = "<group>"; };
		8746C7D82B6465F800E70392 /* Assets.xcassets */ = {isa = PBXFileReference; lastKnownFileType = folder.assetcatalog; path = Assets.xcassets; sourceTree = "<group>"; };
		8746C7DB2B6465F800E70392 /* Preview Assets.xcassets */ = {isa = PBXFileReference; lastKnownFileType = folder.assetcatalog; path = "Preview Assets.xcassets"; sourceTree = "<group>"; };
		8746C7E22B64663000E70392 /* ModelsUser.swift */ = {isa = PBXFileReference; lastKnownFileType = sourcecode.swift; path = ModelsUser.swift; sourceTree = "<group>"; };
		8746C7E42B64663B00E70392 /* DataBaseUser.swift */ = {isa = PBXFileReference; lastKnownFileType = sourcecode.swift; path = DataBaseUser.swift; sourceTree = "<group>"; };
		8746C7E62B65177F00E70392 /* HomePage.swift */ = {isa = PBXFileReference; lastKnownFileType = sourcecode.swift; path = HomePage.swift; sourceTree = "<group>"; };
		8746C7EA2B65198300E70392 /* ProfessorsList.swift */ = {isa = PBXFileReference; lastKnownFileType = sourcecode.swift; path = ProfessorsList.swift; sourceTree = "<group>"; };
		8746C7EE2B6519A200E70392 /* ProfileView.swift */ = {isa = PBXFileReference; lastKnownFileType = sourcecode.swift; path = ProfileView.swift; sourceTree = "<group>"; };
		8752EC212B7A559B001E8639 /* ModelsQuiz.swift */ = {isa = PBXFileReference; lastKnownFileType = sourcecode.swift; path = ModelsQuiz.swift; sourceTree = "<group>"; };
		8752EC232B7A55A6001E8639 /* DataBaseQuiz.swift */ = {isa = PBXFileReference; lastKnownFileType = sourcecode.swift; path = DataBaseQuiz.swift; sourceTree = "<group>"; };
		8752EC252B7A64F2001E8639 /* QuestionView.swift */ = {isa = PBXFileReference; lastKnownFileType = sourcecode.swift; path = QuestionView.swift; sourceTree = "<group>"; };
		8752EC272B7A652F001E8639 /* ButtonAnswerQuiz.swift */ = {isa = PBXFileReference; lastKnownFileType = sourcecode.swift; path = ButtonAnswerQuiz.swift; sourceTree = "<group>"; };
		8752EC292B7AB4FB001E8639 /* QuestionsModeDegueu.swift */ = {isa = PBXFileReference; lastKnownFileType = sourcecode.swift; path = QuestionsModeDegueu.swift; sourceTree = "<group>"; };
		87EDA99B2B692579001FC1F9 /* ProfilePicture.swift */ = {isa = PBXFileReference; lastKnownFileType = sourcecode.swift; path = ProfilePicture.swift; sourceTree = "<group>"; };
		87EDA9A02B692F18001FC1F9 /* CoverPictureUser.swift */ = {isa = PBXFileReference; lastKnownFileType = sourcecode.swift; path = CoverPictureUser.swift; sourceTree = "<group>"; };
		87EDA9A92B6C20E8001FC1F9 /* SearchBarView.swift */ = {isa = PBXFileReference; lastKnownFileType = sourcecode.swift; path = SearchBarView.swift; sourceTree = "<group>"; };
/* End PBXFileReference section */

/* Begin PBXFrameworksBuildPhase section */
		8746C7CE2B6465F600E70392 /* Frameworks */ = {
			isa = PBXFrameworksBuildPhase;
			buildActionMask = 2147483647;
			files = (
			);
			runOnlyForDeploymentPostprocessing = 0;
		};
/* End PBXFrameworksBuildPhase section */

/* Begin PBXGroup section */
		8746C7C82B6465F600E70392 = {
			isa = PBXGroup;
			children = (
				8746C7E22B64663000E70392 /* ModelsUser.swift */,
				8746C7E42B64663B00E70392 /* DataBaseUser.swift */,
				8752EC212B7A559B001E8639 /* ModelsQuiz.swift */,
				8752EC232B7A55A6001E8639 /* DataBaseQuiz.swift */,
				8746C7D32B6465F600E70392 /* HogwartsApp */,
				8746C7D22B6465F600E70392 /* Products */,
			);
			sourceTree = "<group>";
		};
		8746C7D22B6465F600E70392 /* Products */ = {
			isa = PBXGroup;
			children = (
				8746C7D12B6465F600E70392 /* HogwartsApp.app */,
			);
			name = Products;
			sourceTree = "<group>";
		};
		8746C7D32B6465F600E70392 /* HogwartsApp */ = {
			isa = PBXGroup;
			children = (
				8746C7D42B6465F600E70392 /* HogwartsAppApp.swift */,
				8746C7D62B6465F600E70392 /* ContentView.swift */,
				8746C7E62B65177F00E70392 /* HomePage.swift */,
				87EDA9A92B6C20E8001FC1F9 /* SearchBarView.swift */,
				87EDA9A42B6A545B001FC1F9 /* ListeEleves */,
				8746C7EA2B65198300E70392 /* ProfessorsList.swift */,
				8752EC202B7A4DC2001E8639 /* Quiz */,
				87EDA99D2B692586001FC1F9 /* UserProfile */,
				8746C7D82B6465F800E70392 /* Assets.xcassets */,
				8746C7DA2B6465F800E70392 /* Preview Content */,
			);
			path = HogwartsApp;
			sourceTree = "<group>";
		};
		8746C7DA2B6465F800E70392 /* Preview Content */ = {
			isa = PBXGroup;
			children = (
				8746C7DB2B6465F800E70392 /* Preview Assets.xcassets */,
			);
			path = "Preview Content";
			sourceTree = "<group>";
		};
		8752EC202B7A4DC2001E8639 /* Quiz */ = {
			isa = PBXGroup;
			children = (
				8752EC292B7AB4FB001E8639 /* QuestionsModeDegueu.swift */,
				8752EC272B7A652F001E8639 /* ButtonAnswerQuiz.swift */,
				8752EC252B7A64F2001E8639 /* QuestionView.swift */,
			);
			path = Quiz;
			sourceTree = "<group>";
		};
		87EDA99D2B692586001FC1F9 /* UserProfile */ = {
			isa = PBXGroup;
			children = (
				87EDA9A02B692F18001FC1F9 /* CoverPictureUser.swift */,
				87EDA99B2B692579001FC1F9 /* ProfilePicture.swift */,
				8746C7EE2B6519A200E70392 /* ProfileView.swift */,
			);
			path = UserProfile;
			sourceTree = "<group>";
		};
		87EDA9A42B6A545B001FC1F9 /* ListeEleves */ = {
			isa = PBXGroup;
			children = (
			);
			path = ListeEleves;
			sourceTree = "<group>";
		};
/* End PBXGroup section */

/* Begin PBXNativeTarget section */
		8746C7D02B6465F600E70392 /* HogwartsApp */ = {
			isa = PBXNativeTarget;
			buildConfigurationList = 8746C7DF2B6465F800E70392 /* Build configuration list for PBXNativeTarget "HogwartsApp" */;
			buildPhases = (
				8746C7CD2B6465F600E70392 /* Sources */,
				8746C7CE2B6465F600E70392 /* Frameworks */,
				8746C7CF2B6465F600E70392 /* Resources */,
			);
			buildRules = (
			);
			dependencies = (
			);
			name = HogwartsApp;
			productName = HogwartsApp;
			productReference = 8746C7D12B6465F600E70392 /* HogwartsApp.app */;
			productType = "com.apple.product-type.application";
		};
/* End PBXNativeTarget section */

/* Begin PBXProject section */
		8746C7C92B6465F600E70392 /* Project object */ = {
			isa = PBXProject;
			attributes = {
				BuildIndependentTargetsInParallel = 1;
				LastSwiftUpdateCheck = 1520;
				LastUpgradeCheck = 1520;
				TargetAttributes = {
					8746C7D02B6465F600E70392 = {
						CreatedOnToolsVersion = 15.2;
					};
				};
			};
			buildConfigurationList = 8746C7CC2B6465F600E70392 /* Build configuration list for PBXProject "HogwartsApp" */;
			compatibilityVersion = "Xcode 14.0";
			developmentRegion = en;
			hasScannedForEncodings = 0;
			knownRegions = (
				en,
				Base,
			);
			mainGroup = 8746C7C82B6465F600E70392;
			productRefGroup = 8746C7D22B6465F600E70392 /* Products */;
			projectDirPath = "";
			projectRoot = "";
			targets = (
				8746C7D02B6465F600E70392 /* HogwartsApp */,
			);
		};
/* End PBXProject section */

/* Begin PBXResourcesBuildPhase section */
		8746C7CF2B6465F600E70392 /* Resources */ = {
			isa = PBXResourcesBuildPhase;
			buildActionMask = 2147483647;
			files = (
				8746C7DC2B6465F800E70392 /* Preview Assets.xcassets in Resources */,
				8746C7D92B6465F800E70392 /* Assets.xcassets in Resources */,
			);
			runOnlyForDeploymentPostprocessing = 0;
		};
/* End PBXResourcesBuildPhase section */

/* Begin PBXSourcesBuildPhase section */
		8746C7CD2B6465F600E70392 /* Sources */ = {
			isa = PBXSourcesBuildPhase;
			buildActionMask = 2147483647;
			files = (
				87EDA9A12B692F18001FC1F9 /* CoverPictureUser.swift in Sources */,
				8746C7EB2B65198300E70392 /* ProfessorsList.swift in Sources */,
				8746C7EF2B6519A200E70392 /* ProfileView.swift in Sources */,
				87EDA9AA2B6C20E8001FC1F9 /* SearchBarView.swift in Sources */,
				8746C7E72B65177F00E70392 /* HomePage.swift in Sources */,
				8752EC282B7A652F001E8639 /* ButtonAnswerQuiz.swift in Sources */,
				87EDA99C2B692579001FC1F9 /* ProfilePicture.swift in Sources */,
				8752EC242B7A55A6001E8639 /* DataBaseQuiz.swift in Sources */,
				8746C7E32B64663000E70392 /* ModelsUser.swift in Sources */,
				8752EC2A2B7AB4FB001E8639 /* QuestionsModeDegueu.swift in Sources */,
				8746C7D72B6465F600E70392 /* ContentView.swift in Sources */,
				8752EC222B7A559B001E8639 /* ModelsQuiz.swift in Sources */,
				8752EC262B7A64F2001E8639 /* QuestionView.swift in Sources */,
				8746C7E52B64663B00E70392 /* DataBaseUser.swift in Sources */,
				8746C7D52B6465F600E70392 /* HogwartsAppApp.swift in Sources */,
			);
			runOnlyForDeploymentPostprocessing = 0;
		};
/* End PBXSourcesBuildPhase section */

/* Begin XCBuildConfiguration section */
		8746C7DD2B6465F800E70392 /* Debug */ = {
			isa = XCBuildConfiguration;
			buildSettings = {
				ALWAYS_SEARCH_USER_PATHS = NO;
				ASSETCATALOG_COMPILER_GENERATE_SWIFT_ASSET_SYMBOL_EXTENSIONS = YES;
				CLANG_ANALYZER_NONNULL = YES;
				CLANG_ANALYZER_NUMBER_OBJECT_CONVERSION = YES_AGGRESSIVE;
				CLANG_CXX_LANGUAGE_STANDARD = "gnu++20";
				CLANG_ENABLE_MODULES = YES;
				CLANG_ENABLE_OBJC_ARC = YES;
				CLANG_ENABLE_OBJC_WEAK = YES;
				CLANG_WARN_BLOCK_CAPTURE_AUTORELEASING = YES;
				CLANG_WARN_BOOL_CONVERSION = YES;
				CLANG_WARN_COMMA = YES;
				CLANG_WARN_CONSTANT_CONVERSION = YES;
				CLANG_WARN_DEPRECATED_OBJC_IMPLEMENTATIONS = YES;
				CLANG_WARN_DIRECT_OBJC_ISA_USAGE = YES_ERROR;
				CLANG_WARN_DOCUMENTATION_COMMENTS = YES;
				CLANG_WARN_EMPTY_BODY = YES;
				CLANG_WARN_ENUM_CONVERSION = YES;
				CLANG_WARN_INFINITE_RECURSION = YES;
				CLANG_WARN_INT_CONVERSION = YES;
				CLANG_WARN_NON_LITERAL_NULL_CONVERSION = YES;
				CLANG_WARN_OBJC_IMPLICIT_RETAIN_SELF = YES;
				CLANG_WARN_OBJC_LITERAL_CONVERSION = YES;
				CLANG_WARN_OBJC_ROOT_CLASS = YES_ERROR;
				CLANG_WARN_QUOTED_INCLUDE_IN_FRAMEWORK_HEADER = YES;
				CLANG_WARN_RANGE_LOOP_ANALYSIS = YES;
				CLANG_WARN_STRICT_PROTOTYPES = YES;
				CLANG_WARN_SUSPICIOUS_MOVE = YES;
				CLANG_WARN_UNGUARDED_AVAILABILITY = YES_AGGRESSIVE;
				CLANG_WARN_UNREACHABLE_CODE = YES;
				CLANG_WARN__DUPLICATE_METHOD_MATCH = YES;
				COPY_PHASE_STRIP = NO;
				DEBUG_INFORMATION_FORMAT = dwarf;
				ENABLE_STRICT_OBJC_MSGSEND = YES;
				ENABLE_TESTABILITY = YES;
				ENABLE_USER_SCRIPT_SANDBOXING = YES;
				GCC_C_LANGUAGE_STANDARD = gnu17;
				GCC_DYNAMIC_NO_PIC = NO;
				GCC_NO_COMMON_BLOCKS = YES;
				GCC_OPTIMIZATION_LEVEL = 0;
				GCC_PREPROCESSOR_DEFINITIONS = (
					"DEBUG=1",
					"$(inherited)",
				);
				GCC_WARN_64_TO_32_BIT_CONVERSION = YES;
				GCC_WARN_ABOUT_RETURN_TYPE = YES_ERROR;
				GCC_WARN_UNDECLARED_SELECTOR = YES;
				GCC_WARN_UNINITIALIZED_AUTOS = YES_AGGRESSIVE;
				GCC_WARN_UNUSED_FUNCTION = YES;
				GCC_WARN_UNUSED_VARIABLE = YES;
				IPHONEOS_DEPLOYMENT_TARGET = 17.2;
				LOCALIZATION_PREFERS_STRING_CATALOGS = YES;
				MTL_ENABLE_DEBUG_INFO = INCLUDE_SOURCE;
				MTL_FAST_MATH = YES;
				ONLY_ACTIVE_ARCH = YES;
				SDKROOT = iphoneos;
				SWIFT_ACTIVE_COMPILATION_CONDITIONS = "DEBUG $(inherited)";
				SWIFT_OPTIMIZATION_LEVEL = "-Onone";
			};
			name = Debug;
		};
		8746C7DE2B6465F800E70392 /* Release */ = {
			isa = XCBuildConfiguration;
			buildSettings = {
				ALWAYS_SEARCH_USER_PATHS = NO;
				ASSETCATALOG_COMPILER_GENERATE_SWIFT_ASSET_SYMBOL_EXTENSIONS = YES;
				CLANG_ANALYZER_NONNULL = YES;
				CLANG_ANALYZER_NUMBER_OBJECT_CONVERSION = YES_AGGRESSIVE;
				CLANG_CXX_LANGUAGE_STANDARD = "gnu++20";
				CLANG_ENABLE_MODULES = YES;
				CLANG_ENABLE_OBJC_ARC = YES;
				CLANG_ENABLE_OBJC_WEAK = YES;
				CLANG_WARN_BLOCK_CAPTURE_AUTORELEASING = YES;
				CLANG_WARN_BOOL_CONVERSION = YES;
				CLANG_WARN_COMMA = YES;
				CLANG_WARN_CONSTANT_CONVERSION = YES;
				CLANG_WARN_DEPRECATED_OBJC_IMPLEMENTATIONS = YES;
				CLANG_WARN_DIRECT_OBJC_ISA_USAGE = YES_ERROR;
				CLANG_WARN_DOCUMENTATION_COMMENTS = YES;
				CLANG_WARN_EMPTY_BODY = YES;
				CLANG_WARN_ENUM_CONVERSION = YES;
				CLANG_WARN_INFINITE_RECURSION = YES;
				CLANG_WARN_INT_CONVERSION = YES;
				CLANG_WARN_NON_LITERAL_NULL_CONVERSION = YES;
				CLANG_WARN_OBJC_IMPLICIT_RETAIN_SELF = YES;
				CLANG_WARN_OBJC_LITERAL_CONVERSION = YES;
				CLANG_WARN_OBJC_ROOT_CLASS = YES_ERROR;
				CLANG_WARN_QUOTED_INCLUDE_IN_FRAMEWORK_HEADER = YES;
				CLANG_WARN_RANGE_LOOP_ANALYSIS = YES;
				CLANG_WARN_STRICT_PROTOTYPES = YES;
				CLANG_WARN_SUSPICIOUS_MOVE = YES;
				CLANG_WARN_UNGUARDED_AVAILABILITY = YES_AGGRESSIVE;
				CLANG_WARN_UNREACHABLE_CODE = YES;
				CLANG_WARN__DUPLICATE_METHOD_MATCH = YES;
				COPY_PHASE_STRIP = NO;
				DEBUG_INFORMATION_FORMAT = "dwarf-with-dsym";
				ENABLE_NS_ASSERTIONS = NO;
				ENABLE_STRICT_OBJC_MSGSEND = YES;
				ENABLE_USER_SCRIPT_SANDBOXING = YES;
				GCC_C_LANGUAGE_STANDARD = gnu17;
				GCC_NO_COMMON_BLOCKS = YES;
				GCC_WARN_64_TO_32_BIT_CONVERSION = YES;
				GCC_WARN_ABOUT_RETURN_TYPE = YES_ERROR;
				GCC_WARN_UNDECLARED_SELECTOR = YES;
				GCC_WARN_UNINITIALIZED_AUTOS = YES_AGGRESSIVE;
				GCC_WARN_UNUSED_FUNCTION = YES;
				GCC_WARN_UNUSED_VARIABLE = YES;
				IPHONEOS_DEPLOYMENT_TARGET = 17.2;
				LOCALIZATION_PREFERS_STRING_CATALOGS = YES;
				MTL_ENABLE_DEBUG_INFO = NO;
				MTL_FAST_MATH = YES;
				SDKROOT = iphoneos;
				SWIFT_COMPILATION_MODE = wholemodule;
				VALIDATE_PRODUCT = YES;
			};
			name = Release;
		};
		8746C7E02B6465F800E70392 /* Debug */ = {
			isa = XCBuildConfiguration;
			buildSettings = {
				ASSETCATALOG_COMPILER_APPICON_NAME = AppIcon;
				ASSETCATALOG_COMPILER_GLOBAL_ACCENT_COLOR_NAME = AccentColor;
				CODE_SIGN_STYLE = Automatic;
				CURRENT_PROJECT_VERSION = 1;
				DEVELOPMENT_ASSET_PATHS = "\"HogwartsApp/Preview Content\"";
				DEVELOPMENT_TEAM = CJCGG2B2V5;
				ENABLE_PREVIEWS = YES;
				GENERATE_INFOPLIST_FILE = YES;
				INFOPLIST_KEY_UIApplicationSceneManifest_Generation = YES;
				INFOPLIST_KEY_UIApplicationSupportsIndirectInputEvents = YES;
				INFOPLIST_KEY_UILaunchScreen_Generation = YES;
				INFOPLIST_KEY_UISupportedInterfaceOrientations_iPad = "UIInterfaceOrientationPortrait UIInterfaceOrientationPortraitUpsideDown UIInterfaceOrientationLandscapeLeft UIInterfaceOrientationLandscapeRight";
				INFOPLIST_KEY_UISupportedInterfaceOrientations_iPhone = "UIInterfaceOrientationPortrait UIInterfaceOrientationLandscapeLeft UIInterfaceOrientationLandscapeRight";
				LD_RUNPATH_SEARCH_PATHS = (
					"$(inherited)",
					"@executable_path/Frameworks",
				);
				MARKETING_VERSION = 1.0;
				PRODUCT_BUNDLE_IDENTIFIER = com.acciodev.HogwartsApp;
				PRODUCT_NAME = "$(TARGET_NAME)";
				SWIFT_EMIT_LOC_STRINGS = YES;
				SWIFT_VERSION = 5.0;
				TARGETED_DEVICE_FAMILY = "1,2";
			};
			name = Debug;
		};
		8746C7E12B6465F800E70392 /* Release */ = {
			isa = XCBuildConfiguration;
			buildSettings = {
				ASSETCATALOG_COMPILER_APPICON_NAME = AppIcon;
				ASSETCATALOG_COMPILER_GLOBAL_ACCENT_COLOR_NAME = AccentColor;
				CODE_SIGN_STYLE = Automatic;
				CURRENT_PROJECT_VERSION = 1;
				DEVELOPMENT_ASSET_PATHS = "\"HogwartsApp/Preview Content\"";
				DEVELOPMENT_TEAM = CJCGG2B2V5;
				ENABLE_PREVIEWS = YES;
				GENERATE_INFOPLIST_FILE = YES;
				INFOPLIST_KEY_UIApplicationSceneManifest_Generation = YES;
				INFOPLIST_KEY_UIApplicationSupportsIndirectInputEvents = YES;
				INFOPLIST_KEY_UILaunchScreen_Generation = YES;
				INFOPLIST_KEY_UISupportedInterfaceOrientations_iPad = "UIInterfaceOrientationPortrait UIInterfaceOrientationPortraitUpsideDown UIInterfaceOrientationLandscapeLeft UIInterfaceOrientationLandscapeRight";
				INFOPLIST_KEY_UISupportedInterfaceOrientations_iPhone = "UIInterfaceOrientationPortrait UIInterfaceOrientationLandscapeLeft UIInterfaceOrientationLandscapeRight";
				LD_RUNPATH_SEARCH_PATHS = (
					"$(inherited)",
					"@executable_path/Frameworks",
				);
				MARKETING_VERSION = 1.0;
				PRODUCT_BUNDLE_IDENTIFIER = com.acciodev.HogwartsApp;
				PRODUCT_NAME = "$(TARGET_NAME)";
				SWIFT_EMIT_LOC_STRINGS = YES;
				SWIFT_VERSION = 5.0;
				TARGETED_DEVICE_FAMILY = "1,2";
			};
			name = Release;
		};
/* End XCBuildConfiguration section */

/* Begin XCConfigurationList section */
		8746C7CC2B6465F600E70392 /* Build configuration list for PBXProject "HogwartsApp" */ = {
			isa = XCConfigurationList;
			buildConfigurations = (
				8746C7DD2B6465F800E70392 /* Debug */,
				8746C7DE2B6465F800E70392 /* Release */,
			);
			defaultConfigurationIsVisible = 0;
			defaultConfigurationName = Release;
		};
		8746C7DF2B6465F800E70392 /* Build configuration list for PBXNativeTarget "HogwartsApp" */ = {
			isa = XCConfigurationList;
			buildConfigurations = (
				8746C7E02B6465F800E70392 /* Debug */,
				8746C7E12B6465F800E70392 /* Release */,
			);
			defaultConfigurationIsVisible = 0;
			defaultConfigurationName = Release;
		};
/* End XCConfigurationList section */
	};
	rootObject = 8746C7C92B6465F600E70392 /* Project object */;
}
